
Microsoft Visual Studio Solution File, Format Version 12.00
# Visual Studio Version 16
VisualStudioVersion = 16.0.31321.278
MinimumVisualStudioVersion = 10.0.40219.1
Project("{9A19103F-16F7-4668-BE54-9A1E7A4F7556}") = "RabbitMQSample", "RabbitMQSample\RabbitMQSample.csproj", "{90D6A456-4DB1-4C71-90E1-BC8FC20FF9AF}"
EndProject
Project("{FAE04EC0-301F-11D3-BF4B-00C04F79EFBC}") = "FanoutExMessaging.Common", "FanoutExMessaging.Common\FanoutExMessaging.Common.csproj", "{AC81EF8B-C60B-474B-BCA3-22293322CBBD}"
EndProject
Project("{FAE04EC0-301F-11D3-BF4B-00C04F79EFBC}") = "FanoutExMessaging.Publisher", "FanoutExMessaging.Publisher\FanoutExMessaging.Publisher.csproj", "{0418DE35-CCDF-4F60-B5A4-D886F6F57EDF}"
EndProject
Project("{FAE04EC0-301F-11D3-BF4B-00C04F79EFBC}") = "FanoutExMessaging.BillingConsumer", "FanoutExMessaging.BillingConsumer\FanoutExMessaging.BillingConsumer.csproj", "{29EEBA67-E994-492A-BD86-87780166C5CD}"
EndProject
Project("{FAE04EC0-301F-11D3-BF4B-00C04F79EFBC}") = "FanoutExMessaging.ShippingConsumer", "FanoutExMessaging.ShippingConsumer\FanoutExMessaging.ShippingConsumer.csproj", "{51E751FC-C478-4AA9-A08C-25120D63C93C}"
EndProject
Global
	GlobalSection(SolutionConfigurationPlatforms) = preSolution
		Debug|Any CPU = Debug|Any CPU
		Release|Any CPU = Release|Any CPU
	EndGlobalSection
	GlobalSection(ProjectConfigurationPlatforms) = postSolution
		{90D6A456-4DB1-4C71-90E1-BC8FC20FF9AF}.Debug|Any CPU.ActiveCfg = Debug|Any CPU
		{90D6A456-4DB1-4C71-90E1-BC8FC20FF9AF}.Debug|Any CPU.Build.0 = Debug|Any CPU
		{90D6A456-4DB1-4C71-90E1-BC8FC20FF9AF}.Release|Any CPU.ActiveCfg = Release|Any CPU
		{90D6A456-4DB1-4C71-90E1-BC8FC20FF9AF}.Release|Any CPU.Build.0 = Release|Any CPU
		{AC81EF8B-C60B-474B-BCA3-22293322CBBD}.Debug|Any CPU.ActiveCfg = Debug|Any CPU
		{AC81EF8B-C60B-474B-BCA3-22293322CBBD}.Debug|Any CPU.Build.0 = Debug|Any CPU
		{AC81EF8B-C60B-474B-BCA3-22293322CBBD}.Release|Any CPU.ActiveCfg = Release|Any CPU
		{AC81EF8B-C60B-474B-BCA3-22293322CBBD}.Release|Any CPU.Build.0 = Release|Any CPU
		{0418DE35-CCDF-4F60-B5A4-D886F6F57EDF}.Debug|Any CPU.ActiveCfg = Debug|Any CPU
		{0418DE35-CCDF-4F60-B5A4-D886F6F57EDF}.Debug|Any CPU.Build.0 = Debug|Any CPU
		{0418DE35-CCDF-4F60-B5A4-D886F6F57EDF}.Release|Any CPU.ActiveCfg = Release|Any CPU
		{0418DE35-CCDF-4F60-B5A4-D886F6F57EDF}.Release|Any CPU.Build.0 = Release|Any CPU
		{29EEBA67-E994-492A-BD86-87780166C5CD}.Debug|Any CPU.ActiveCfg = Debug|Any CPU
		{29EEBA67-E994-492A-BD86-87780166C5CD}.Debug|Any CPU.Build.0 = Debug|Any CPU
		{29EEBA67-E994-492A-BD86-87780166C5CD}.Release|Any CPU.ActiveCfg = Release|Any CPU
		{29EEBA67-E994-492A-BD86-87780166C5CD}.Release|Any CPU.Build.0 = Release|Any CPU
		{51E751FC-C478-4AA9-A08C-25120D63C93C}.Debug|Any CPU.ActiveCfg = Debug|Any CPU
		{51E751FC-C478-4AA9-A08C-25120D63C93C}.Debug|Any CPU.Build.0 = Debug|Any CPU
		{51E751FC-C478-4AA9-A08C-25120D63C93C}.Release|Any CPU.ActiveCfg = Release|Any CPU
		{51E751FC-C478-4AA9-A08C-25120D63C93C}.Release|Any CPU.Build.0 = Release|Any CPU
	EndGlobalSection
	GlobalSection(SolutionProperties) = preSolution
		HideSolutionNode = FALSE
	EndGlobalSection
	GlobalSection(ExtensibilityGlobals) = postSolution
		SolutionGuid = {3B270281-72DE-4695-A598-1618BC3BE8C0}
	EndGlobalSection
EndGlobal
